
Microsoft Visual Studio Solution File, Format Version 12.00
# Visual Studio 15
VisualStudioVersion = 15.0.28307.572
MinimumVisualStudioVersion = 10.0.40219.1
Project("{262852C6-CD72-467D-83FE-5EEB1973A190}") = "UnderConstruction", "UnderConstruction.jsproj", "{D224D6D2-C29A-41DB-8667-7DF8B6A0A5BF}"
EndProject
Global
	GlobalSection(SolutionConfigurationPlatforms) = preSolution
		Debug|Any CPU = Debug|Any CPU
		Debug|ARM = Debug|ARM
		Debug|ARM64 = Debug|ARM64
		Debug|x64 = Debug|x64
		Debug|x86 = Debug|x86
		Release|Any CPU = Release|Any CPU
		Release|ARM = Release|ARM
		Release|ARM64 = Release|ARM64
		Release|x64 = Release|x64
		Release|x86 = Release|x86
	EndGlobalSection
	GlobalSection(ProjectConfigurationPlatforms) = postSolution
		{D224D6D2-C29A-41DB-8667-7DF8B6A0A5BF}.Debug|Any CPU.ActiveCfg = Debug|Any CPU
		{D224D6D2-C29A-41DB-8667-7DF8B6A0A5BF}.Debug|Any CPU.Build.0 = Debug|Any CPU
		{D224D6D2-C29A-41DB-8667-7DF8B6A0A5BF}.Debug|Any CPU.Deploy.0 = Debug|Any CPU
		{D224D6D2-C29A-41DB-8667-7DF8B6A0A5BF}.Debug|ARM.ActiveCfg = Debug|ARM
		{D224D6D2-C29A-41DB-8667-7DF8B6A0A5BF}.Debug|ARM.Build.0 = Debug|ARM
		{D224D6D2-C29A-41DB-8667-7DF8B6A0A5BF}.Debug|ARM.Deploy.0 = Debug|ARM
		{D224D6D2-C29A-41DB-8667-7DF8B6A0A5BF}.Debug|ARM64.ActiveCfg = Debug|ARM64
		{D224D6D2-C29A-41DB-8667-7DF8B6A0A5BF}.Debug|ARM64.Build.0 = Debug|ARM64
		{D224D6D2-C29A-41DB-8667-7DF8B6A0A5BF}.Debug|ARM64.Deploy.0 = Debug|ARM64
		{D224D6D2-C29A-41DB-8667-7DF8B6A0A5BF}.Debug|x64.ActiveCfg = Debug|x64
		{D224D6D2-C29A-41DB-8667-7DF8B6A0A5BF}.Debug|x64.Build.0 = Debug|x64
		{D224D6D2-C29A-41DB-8667-7DF8B6A0A5BF}.Debug|x64.Deploy.0 = Debug|x64
		{D224D6D2-C29A-41DB-8667-7DF8B6A0A5BF}.Debug|x86.ActiveCfg = Debug|x86
		{D224D6D2-C29A-41DB-8667-7DF8B6A0A5BF}.Debug|x86.Build.0 = Debug|x86
		{D224D6D2-C29A-41DB-8667-7DF8B6A0A5BF}.Debug|x86.Deploy.0 = Debug|x86
		{D224D6D2-C29A-41DB-8667-7DF8B6A0A5BF}.Release|Any CPU.ActiveCfg = Release|Any CPU
		{D224D6D2-C29A-41DB-8667-7DF8B6A0A5BF}.Release|Any CPU.Build.0 = Release|Any CPU
		{D224D6D2-C29A-41DB-8667-7DF8B6A0A5BF}.Release|Any CPU.Deploy.0 = Release|Any CPU
		{D224D6D2-C29A-41DB-8667-7DF8B6A0A5BF}.Release|ARM.ActiveCfg = Release|ARM
		{D224D6D2-C29A-41DB-8667-7DF8B6A0A5BF}.Release|ARM.Build.0 = Release|ARM
		{D224D6D2-C29A-41DB-8667-7DF8B6A0A5BF}.Release|ARM.Deploy.0 = Release|ARM
		{D224D6D2-C29A-41DB-8667-7DF8B6A0A5BF}.Release|ARM64.ActiveCfg = Release|ARM64
		{D224D6D2-C29A-41DB-8667-7DF8B6A0A5BF}.Release|ARM64.Build.0 = Release|ARM64
		{D224D6D2-C29A-41DB-8667-7DF8B6A0A5BF}.Release|ARM64.Deploy.0 = Release|ARM64
		{D224D6D2-C29A-41DB-8667-7DF8B6A0A5BF}.Release|x64.ActiveCfg = Release|x64
		{D224D6D2-C29A-41DB-8667-7DF8B6A0A5BF}.Release|x64.Build.0 = Release|x64
		{D224D6D2-C29A-41DB-8667-7DF8B6A0A5BF}.Release|x64.Deploy.0 = Release|x64
		{D224D6D2-C29A-41DB-8667-7DF8B6A0A5BF}.Release|x86.ActiveCfg = Release|x86
		{D224D6D2-C29A-41DB-8667-7DF8B6A0A5BF}.Release|x86.Build.0 = Release|x86
		{D224D6D2-C29A-41DB-8667-7DF8B6A0A5BF}.Release|x86.Deploy.0 = Release|x86
	EndGlobalSection
	GlobalSection(SolutionProperties) = preSolution
		HideSolutionNode = FALSE
	EndGlobalSection
	GlobalSection(ExtensibilityGlobals) = postSolution
		SolutionGuid = {F6C1A3C8-B29A-4A2A-9D01-C3745FA35DD5}
	EndGlobalSection
EndGlobal
